// !$*UTF8*$!
{
	archiveVersion = 1;
	classes = {
	};
	objectVersion = 77;
	objects = {

/* Begin PBXBuildFile section */
		CCB6E0B32E2A3FCF00F7AD7F /* Then in Frameworks */ = {isa = PBXBuildFile; productRef = CCB6E0B22E2A3FCF00F7AD7F /* Then */; };
		EEC0DF832E15746B0046294D /* SnapKit in Frameworks */ = {isa = PBXBuildFile; productRef = EEC0DF822E15746B0046294D /* SnapKit */; };
		EEC0DF862E1574990046294D /* RxCocoa in Frameworks */ = {isa = PBXBuildFile; productRef = EEC0DF852E1574990046294D /* RxCocoa */; };
		EEC0DF882E1574990046294D /* RxSwift in Frameworks */ = {isa = PBXBuildFile; productRef = EEC0DF872E1574990046294D /* RxSwift */; };
		EEC0DF8E2E1574E00046294D /* Swinject in Frameworks */ = {isa = PBXBuildFile; productRef = EEC0DF8D2E1574E00046294D /* Swinject */; };
		EEC0DF912E1575340046294D /* Moya in Frameworks */ = {isa = PBXBuildFile; productRef = EEC0DF902E1575340046294D /* Moya */; };
		EEC0DF932E1575340046294D /* RxMoya in Frameworks */ = {isa = PBXBuildFile; productRef = EEC0DF922E1575340046294D /* RxMoya */; };
		EEC0DF962E15757A0046294D /* FirebaseAnalytics in Frameworks */ = {isa = PBXBuildFile; productRef = EEC0DF952E15757A0046294D /* FirebaseAnalytics */; };
		EEC0DF982E15757A0046294D /* FirebaseAuth in Frameworks */ = {isa = PBXBuildFile; productRef = EEC0DF972E15757A0046294D /* FirebaseAuth */; };
		EEC0DF9B2E1576400046294D /* KakaoSDK in Frameworks */ = {isa = PBXBuildFile; productRef = EEC0DF9A2E1576400046294D /* KakaoSDK */; };
		EEC0DF9D2E1576400046294D /* KakaoSDKAuth in Frameworks */ = {isa = PBXBuildFile; productRef = EEC0DF9C2E1576400046294D /* KakaoSDKAuth */; };
		EEC0DF9F2E1576400046294D /* KakaoSDKCommon in Frameworks */ = {isa = PBXBuildFile; productRef = EEC0DF9E2E1576400046294D /* KakaoSDKCommon */; };
		EEC0DFA22E15765C0046294D /* Kingfisher in Frameworks */ = {isa = PBXBuildFile; productRef = EEC0DFA12E15765C0046294D /* Kingfisher */; };
		EEC0DFB52E157A720046294D /* CommitConvention.md in Resources */ = {isa = PBXBuildFile; fileRef = EEC0DFB42E157A720046294D /* CommitConvention.md */; };
/* End PBXBuildFile section */

/* Begin PBXFileReference section */
		CCA9B0BE2E156BED00198326 /* Talet.app */ = {isa = PBXFileReference; explicitFileType = wrapper.application; includeInIndex = 0; path = Talet.app; sourceTree = BUILT_PRODUCTS_DIR; };
		EEC0DFB42E157A720046294D /* CommitConvention.md */ = {isa = PBXFileReference; lastKnownFileType = net.daringfireball.markdown; path = CommitConvention.md; sourceTree = "<group>"; };
/* End PBXFileReference section */

/* Begin PBXFileSystemSynchronizedBuildFileExceptionSet section */
		CC72A37D2E2E5E5600DB463E /* Exceptions for "Talet" folder in "Talet" target */ = {
			isa = PBXFileSystemSynchronizedBuildFileExceptionSet;
			membershipExceptions = (
				App/Info.plist,
			);
			target = CCA9B0BD2E156BED00198326 /* Talet */;
		};
/* End PBXFileSystemSynchronizedBuildFileExceptionSet section */

/* Begin PBXFileSystemSynchronizedRootGroup section */
		CCA9B0C02E156BED00198326 /* Talet */ = {
			isa = PBXFileSystemSynchronizedRootGroup;
			exceptions = (
				CC72A37D2E2E5E5600DB463E /* Exceptions for "Talet" folder in "Talet" target */,
			);
			path = Talet;
			sourceTree = "<group>";
		};
/* End PBXFileSystemSynchronizedRootGroup section */

/* Begin PBXFrameworksBuildPhase section */
		CCA9B0BB2E156BED00198326 /* Frameworks */ = {
			isa = PBXFrameworksBuildPhase;
			buildActionMask = 2147483647;
			files = (
				EEC0DFA22E15765C0046294D /* Kingfisher in Frameworks */,
				EEC0DF962E15757A0046294D /* FirebaseAnalytics in Frameworks */,
				EEC0DF9F2E1576400046294D /* KakaoSDKCommon in Frameworks */,
				EEC0DF932E1575340046294D /* RxMoya in Frameworks */,
				EEC0DF882E1574990046294D /* RxSwift in Frameworks */,
				CCB6E0B32E2A3FCF00F7AD7F /* Then in Frameworks */,
				EEC0DF8E2E1574E00046294D /* Swinject in Frameworks */,
				EEC0DF862E1574990046294D /* RxCocoa in Frameworks */,
				EEC0DF912E1575340046294D /* Moya in Frameworks */,
				EEC0DF832E15746B0046294D /* SnapKit in Frameworks */,
				EEC0DF982E15757A0046294D /* FirebaseAuth in Frameworks */,
				EEC0DF9B2E1576400046294D /* KakaoSDK in Frameworks */,
				EEC0DF9D2E1576400046294D /* KakaoSDKAuth in Frameworks */,
			);
			runOnlyForDeploymentPostprocessing = 0;
		};
/* End PBXFrameworksBuildPhase section */

/* Begin PBXGroup section */
		CCA9B0B52E156BED00198326 = {
			isa = PBXGroup;
			children = (
				EEC0DFB42E157A720046294D /* CommitConvention.md */,
				CCA9B0C02E156BED00198326 /* Talet */,
				CCA9B0BF2E156BED00198326 /* Products */,
			);
			sourceTree = "<group>";
		};
		CCA9B0BF2E156BED00198326 /* Products */ = {
			isa = PBXGroup;
			children = (
				CCA9B0BE2E156BED00198326 /* Talet.app */,
			);
			name = Products;
			sourceTree = "<group>";
		};
/* End PBXGroup section */

/* Begin PBXNativeTarget section */
		CCA9B0BD2E156BED00198326 /* Talet */ = {
			isa = PBXNativeTarget;
			buildConfigurationList = CCA9B0D12E156BEF00198326 /* Build configuration list for PBXNativeTarget "Talet" */;
			buildPhases = (
				CCA9B0BA2E156BED00198326 /* Sources */,
				CCA9B0BB2E156BED00198326 /* Frameworks */,
				CCA9B0BC2E156BED00198326 /* Resources */,
			);
			buildRules = (
			);
			dependencies = (
			);
			fileSystemSynchronizedGroups = (
				CCA9B0C02E156BED00198326 /* Talet */,
			);
			name = Talet;
			packageProductDependencies = (
				EEC0DF822E15746B0046294D /* SnapKit */,
				EEC0DF852E1574990046294D /* RxCocoa */,
				EEC0DF872E1574990046294D /* RxSwift */,
				EEC0DF8D2E1574E00046294D /* Swinject */,
				EEC0DF902E1575340046294D /* Moya */,
				EEC0DF922E1575340046294D /* RxMoya */,
				EEC0DF952E15757A0046294D /* FirebaseAnalytics */,
				EEC0DF972E15757A0046294D /* FirebaseAuth */,
				EEC0DF9A2E1576400046294D /* KakaoSDK */,
				EEC0DF9C2E1576400046294D /* KakaoSDKAuth */,
				EEC0DF9E2E1576400046294D /* KakaoSDKCommon */,
				EEC0DFA12E15765C0046294D /* Kingfisher */,
				CCB6E0B22E2A3FCF00F7AD7F /* Then */,
			);
			productName = Talet;
			productReference = CCA9B0BE2E156BED00198326 /* Talet.app */;
			productType = "com.apple.product-type.application";
		};
/* End PBXNativeTarget section */

/* Begin PBXProject section */
		CCA9B0B62E156BED00198326 /* Project object */ = {
			isa = PBXProject;
			attributes = {
				BuildIndependentTargetsInParallel = 1;
				LastSwiftUpdateCheck = 1610;
				LastUpgradeCheck = 1610;
				TargetAttributes = {
					CCA9B0BD2E156BED00198326 = {
						CreatedOnToolsVersion = 16.1;
					};
				};
			};
			buildConfigurationList = CCA9B0B92E156BED00198326 /* Build configuration list for PBXProject "Talet" */;
			developmentRegion = en;
			hasScannedForEncodings = 0;
			knownRegions = (
				en,
				Base,
			);
			mainGroup = CCA9B0B52E156BED00198326;
			minimizedProjectReferenceProxies = 1;
			packageReferences = (
				EEC0DF812E15746B0046294D /* XCRemoteSwiftPackageReference "SnapKit" */,
				EEC0DF842E1574990046294D /* XCRemoteSwiftPackageReference "RxSwift" */,
				EEC0DF8C2E1574E00046294D /* XCRemoteSwiftPackageReference "Swinject" */,
				EEC0DF8F2E1575340046294D /* XCRemoteSwiftPackageReference "Moya" */,
				EEC0DF942E15757A0046294D /* XCRemoteSwiftPackageReference "firebase-ios-sdk" */,
				EEC0DF992E1576400046294D /* XCRemoteSwiftPackageReference "kakao-ios-sdk" */,
				EEC0DFA02E15765C0046294D /* XCRemoteSwiftPackageReference "Kingfisher" */,
				CCB6E0B12E2A3FCF00F7AD7F /* XCRemoteSwiftPackageReference "Then" */,
			);
			preferredProjectObjectVersion = 77;
			productRefGroup = CCA9B0BF2E156BED00198326 /* Products */;
			projectDirPath = "";
			projectRoot = "";
			targets = (
				CCA9B0BD2E156BED00198326 /* Talet */,
			);
		};
/* End PBXProject section */

/* Begin PBXResourcesBuildPhase section */
		CCA9B0BC2E156BED00198326 /* Resources */ = {
			isa = PBXResourcesBuildPhase;
			buildActionMask = 2147483647;
			files = (
				EEC0DFB52E157A720046294D /* CommitConvention.md in Resources */,
			);
			runOnlyForDeploymentPostprocessing = 0;
		};
/* End PBXResourcesBuildPhase section */

/* Begin PBXSourcesBuildPhase section */
		CCA9B0BA2E156BED00198326 /* Sources */ = {
			isa = PBXSourcesBuildPhase;
			buildActionMask = 2147483647;
			files = (
			);
			runOnlyForDeploymentPostprocessing = 0;
		};
/* End PBXSourcesBuildPhase section */

/* Begin XCBuildConfiguration section */
		CCA9B0D22E156BEF00198326 /* Debug */ = {
			isa = XCBuildConfiguration;
			buildSettings = {
				ASSETCATALOG_COMPILER_APPICON_NAME = AppIcon;
				ASSETCATALOG_COMPILER_GLOBAL_ACCENT_COLOR_NAME = AccentColor;
				CODE_SIGN_ENTITLEMENTS = Talet/App/Talet.entitlements;
				CODE_SIGN_STYLE = Automatic;
				CURRENT_PROJECT_VERSION = 1;
				DEVELOPMENT_TEAM = SS444RV4LU;
				GENERATE_INFOPLIST_FILE = YES;
				INFOPLIST_FILE = Talet/App/Info.plist;
				INFOPLIST_KEY_CFBundleDisplayName = "테일릿";
				INFOPLIST_KEY_UIApplicationSupportsIndirectInputEvents = YES;
				INFOPLIST_KEY_UILaunchStoryboardName = LaunchScreen;
				INFOPLIST_KEY_UISupportedInterfaceOrientations_iPad = "UIInterfaceOrientationPortrait UIInterfaceOrientationPortraitUpsideDown UIInterfaceOrientationLandscapeLeft UIInterfaceOrientationLandscapeRight";
				INFOPLIST_KEY_UISupportedInterfaceOrientations_iPhone = "UIInterfaceOrientationPortrait UIInterfaceOrientationLandscapeLeft UIInterfaceOrientationLandscapeRight";
				IPHONEOS_DEPLOYMENT_TARGET = 16.6;
				LD_RUNPATH_SEARCH_PATHS = (
					"$(inherited)",
					"@executable_path/Frameworks",
				);
				MARKETING_VERSION = 1.0;
				PRODUCT_BUNDLE_IDENTIFIER = com.palrang22.Talet;
				PRODUCT_NAME = "$(TARGET_NAME)";
				SUPPORTED_PLATFORMS = "iphoneos iphonesimulator";
				SUPPORTS_MACCATALYST = NO;
				SUPPORTS_MAC_DESIGNED_FOR_IPHONE_IPAD = NO;
				SUPPORTS_XR_DESIGNED_FOR_IPHONE_IPAD = NO;
				SWIFT_EMIT_LOC_STRINGS = YES;
				SWIFT_VERSION = 5.0;
				TARGETED_DEVICE_FAMILY = "1,2";
			};
			name = Debug;
		};
		CCA9B0D32E156BEF00198326 /* Release */ = {
			isa = XCBuildConfiguration;
			buildSettings = {
				ASSETCATALOG_COMPILER_APPICON_NAME = AppIcon;
				ASSETCATALOG_COMPILER_GLOBAL_ACCENT_COLOR_NAME = AccentColor;
				CODE_SIGN_ENTITLEMENTS = Talet/App/Talet.entitlements;
				CODE_SIGN_STYLE = Automatic;
				CURRENT_PROJECT_VERSION = 1;
				DEVELOPMENT_TEAM = SS444RV4LU;
				GENERATE_INFOPLIST_FILE = YES;
				INFOPLIST_FILE = Talet/App/Info.plist;
				INFOPLIST_KEY_CFBundleDisplayName = "테일릿";
				INFOPLIST_KEY_UIApplicationSupportsIndirectInputEvents = YES;
				INFOPLIST_KEY_UILaunchStoryboardName = LaunchScreen;
				INFOPLIST_KEY_UISupportedInterfaceOrientations_iPad = "UIInterfaceOrientationPortrait UIInterfaceOrientationPortraitUpsideDown UIInterfaceOrientationLandscapeLeft UIInterfaceOrientationLandscapeRight";
				INFOPLIST_KEY_UISupportedInterfaceOrientations_iPhone = "UIInterfaceOrientationPortrait UIInterfaceOrientationLandscapeLeft UIInterfaceOrientationLandscapeRight";
				IPHONEOS_DEPLOYMENT_TARGET = 16.6;
				LD_RUNPATH_SEARCH_PATHS = (
					"$(inherited)",
					"@executable_path/Frameworks",
				);
				MARKETING_VERSION = 1.0;
				PRODUCT_BUNDLE_IDENTIFIER = com.palrang22.Talet;
				PRODUCT_NAME = "$(TARGET_NAME)";
				SUPPORTED_PLATFORMS = "iphoneos iphonesimulator";
				SUPPORTS_MACCATALYST = NO;
				SUPPORTS_MAC_DESIGNED_FOR_IPHONE_IPAD = NO;
				SUPPORTS_XR_DESIGNED_FOR_IPHONE_IPAD = NO;
				SWIFT_EMIT_LOC_STRINGS = YES;
				SWIFT_VERSION = 5.0;
				TARGETED_DEVICE_FAMILY = "1,2";
			};
			name = Release;
		};
		CCA9B0D42E156BEF00198326 /* Debug */ = {
			isa = XCBuildConfiguration;
			buildSettings = {
				ALWAYS_SEARCH_USER_PATHS = NO;
				ASSETCATALOG_COMPILER_GENERATE_SWIFT_ASSET_SYMBOL_EXTENSIONS = YES;
				CLANG_ANALYZER_NONNULL = YES;
				CLANG_ANALYZER_NUMBER_OBJECT_CONVERSION = YES_AGGRESSIVE;
				CLANG_CXX_LANGUAGE_STANDARD = "gnu++20";
				CLANG_ENABLE_MODULES = YES;
				CLANG_ENABLE_OBJC_ARC = YES;
				CLANG_ENABLE_OBJC_WEAK = YES;
				CLANG_WARN_BLOCK_CAPTURE_AUTORELEASING = YES;
				CLANG_WARN_BOOL_CONVERSION = YES;
				CLANG_WARN_COMMA = YES;
				CLANG_WARN_CONSTANT_CONVERSION = YES;
				CLANG_WARN_DEPRECATED_OBJC_IMPLEMENTATIONS = YES;
				CLANG_WARN_DIRECT_OBJC_ISA_USAGE = YES_ERROR;
				CLANG_WARN_DOCUMENTATION_COMMENTS = YES;
				CLANG_WARN_EMPTY_BODY = YES;
				CLANG_WARN_ENUM_CONVERSION = YES;
				CLANG_WARN_INFINITE_RECURSION = YES;
				CLANG_WARN_INT_CONVERSION = YES;
				CLANG_WARN_NON_LITERAL_NULL_CONVERSION = YES;
				CLANG_WARN_OBJC_IMPLICIT_RETAIN_SELF = YES;
				CLANG_WARN_OBJC_LITERAL_CONVERSION = YES;
				CLANG_WARN_OBJC_ROOT_CLASS = YES_ERROR;
				CLANG_WARN_QUOTED_INCLUDE_IN_FRAMEWORK_HEADER = YES;
				CLANG_WARN_RANGE_LOOP_ANALYSIS = YES;
				CLANG_WARN_STRICT_PROTOTYPES = YES;
				CLANG_WARN_SUSPICIOUS_MOVE = YES;
				CLANG_WARN_UNGUARDED_AVAILABILITY = YES_AGGRESSIVE;
				CLANG_WARN_UNREACHABLE_CODE = YES;
				CLANG_WARN__DUPLICATE_METHOD_MATCH = YES;
				COPY_PHASE_STRIP = NO;
				DEBUG_INFORMATION_FORMAT = dwarf;
				ENABLE_STRICT_OBJC_MSGSEND = YES;
				ENABLE_TESTABILITY = YES;
				ENABLE_USER_SCRIPT_SANDBOXING = YES;
				GCC_C_LANGUAGE_STANDARD = gnu17;
				GCC_DYNAMIC_NO_PIC = NO;
				GCC_NO_COMMON_BLOCKS = YES;
				GCC_OPTIMIZATION_LEVEL = 0;
				GCC_PREPROCESSOR_DEFINITIONS = (
					"DEBUG=1",
					"$(inherited)",
				);
				GCC_WARN_64_TO_32_BIT_CONVERSION = YES;
				GCC_WARN_ABOUT_RETURN_TYPE = YES_ERROR;
				GCC_WARN_UNDECLARED_SELECTOR = YES;
				GCC_WARN_UNINITIALIZED_AUTOS = YES_AGGRESSIVE;
				GCC_WARN_UNUSED_FUNCTION = YES;
				GCC_WARN_UNUSED_VARIABLE = YES;
				IPHONEOS_DEPLOYMENT_TARGET = 18.1;
				LOCALIZATION_PREFERS_STRING_CATALOGS = YES;
				MTL_ENABLE_DEBUG_INFO = INCLUDE_SOURCE;
				MTL_FAST_MATH = YES;
				ONLY_ACTIVE_ARCH = YES;
				SDKROOT = iphoneos;
				SWIFT_ACTIVE_COMPILATION_CONDITIONS = "DEBUG $(inherited)";
				SWIFT_OPTIMIZATION_LEVEL = "-Onone";
			};
			name = Debug;
		};
		CCA9B0D52E156BEF00198326 /* Release */ = {
			isa = XCBuildConfiguration;
			buildSettings = {
				ALWAYS_SEARCH_USER_PATHS = NO;
				ASSETCATALOG_COMPILER_GENERATE_SWIFT_ASSET_SYMBOL_EXTENSIONS = YES;
				CLANG_ANALYZER_NONNULL = YES;
				CLANG_ANALYZER_NUMBER_OBJECT_CONVERSION = YES_AGGRESSIVE;
				CLANG_CXX_LANGUAGE_STANDARD = "gnu++20";
				CLANG_ENABLE_MODULES = YES;
				CLANG_ENABLE_OBJC_ARC = YES;
				CLANG_ENABLE_OBJC_WEAK = YES;
				CLANG_WARN_BLOCK_CAPTURE_AUTORELEASING = YES;
				CLANG_WARN_BOOL_CONVERSION = YES;
				CLANG_WARN_COMMA = YES;
				CLANG_WARN_CONSTANT_CONVERSION = YES;
				CLANG_WARN_DEPRECATED_OBJC_IMPLEMENTATIONS = YES;
				CLANG_WARN_DIRECT_OBJC_ISA_USAGE = YES_ERROR;
				CLANG_WARN_DOCUMENTATION_COMMENTS = YES;
				CLANG_WARN_EMPTY_BODY = YES;
				CLANG_WARN_ENUM_CONVERSION = YES;
				CLANG_WARN_INFINITE_RECURSION = YES;
				CLANG_WARN_INT_CONVERSION = YES;
				CLANG_WARN_NON_LITERAL_NULL_CONVERSION = YES;
				CLANG_WARN_OBJC_IMPLICIT_RETAIN_SELF = YES;
				CLANG_WARN_OBJC_LITERAL_CONVERSION = YES;
				CLANG_WARN_OBJC_ROOT_CLASS = YES_ERROR;
				CLANG_WARN_QUOTED_INCLUDE_IN_FRAMEWORK_HEADER = YES;
				CLANG_WARN_RANGE_LOOP_ANALYSIS = YES;
				CLANG_WARN_STRICT_PROTOTYPES = YES;
				CLANG_WARN_SUSPICIOUS_MOVE = YES;
				CLANG_WARN_UNGUARDED_AVAILABILITY = YES_AGGRESSIVE;
				CLANG_WARN_UNREACHABLE_CODE = YES;
				CLANG_WARN__DUPLICATE_METHOD_MATCH = YES;
				COPY_PHASE_STRIP = NO;
				DEBUG_INFORMATION_FORMAT = "dwarf-with-dsym";
				ENABLE_NS_ASSERTIONS = NO;
				ENABLE_STRICT_OBJC_MSGSEND = YES;
				ENABLE_USER_SCRIPT_SANDBOXING = YES;
				GCC_C_LANGUAGE_STANDARD = gnu17;
				GCC_NO_COMMON_BLOCKS = YES;
				GCC_WARN_64_TO_32_BIT_CONVERSION = YES;
				GCC_WARN_ABOUT_RETURN_TYPE = YES_ERROR;
				GCC_WARN_UNDECLARED_SELECTOR = YES;
				GCC_WARN_UNINITIALIZED_AUTOS = YES_AGGRESSIVE;
				GCC_WARN_UNUSED_FUNCTION = YES;
				GCC_WARN_UNUSED_VARIABLE = YES;
				IPHONEOS_DEPLOYMENT_TARGET = 18.1;
				LOCALIZATION_PREFERS_STRING_CATALOGS = YES;
				MTL_ENABLE_DEBUG_INFO = NO;
				MTL_FAST_MATH = YES;
				SDKROOT = iphoneos;
				SWIFT_COMPILATION_MODE = wholemodule;
				VALIDATE_PRODUCT = YES;
			};
			name = Release;
		};
/* End XCBuildConfiguration section */

/* Begin XCConfigurationList section */
		CCA9B0B92E156BED00198326 /* Build configuration list for PBXProject "Talet" */ = {
			isa = XCConfigurationList;
			buildConfigurations = (
				CCA9B0D42E156BEF00198326 /* Debug */,
				CCA9B0D52E156BEF00198326 /* Release */,
			);
			defaultConfigurationIsVisible = 0;
			defaultConfigurationName = Release;
		};
		CCA9B0D12E156BEF00198326 /* Build configuration list for PBXNativeTarget "Talet" */ = {
			isa = XCConfigurationList;
			buildConfigurations = (
				CCA9B0D22E156BEF00198326 /* Debug */,
				CCA9B0D32E156BEF00198326 /* Release */,
			);
			defaultConfigurationIsVisible = 0;
			defaultConfigurationName = Release;
		};
/* End XCConfigurationList section */

/* Begin XCRemoteSwiftPackageReference section */
		CCB6E0B12E2A3FCF00F7AD7F /* XCRemoteSwiftPackageReference "Then" */ = {
			isa = XCRemoteSwiftPackageReference;
			repositoryURL = "https://github.com/devxoul/Then";
			requirement = {
				kind = upToNextMajorVersion;
				minimumVersion = 3.0.0;
			};
		};
		EEC0DF812E15746B0046294D /* XCRemoteSwiftPackageReference "SnapKit" */ = {
			isa = XCRemoteSwiftPackageReference;
			repositoryURL = "https://github.com/SnapKit/SnapKit";
			requirement = {
				kind = upToNextMajorVersion;
				minimumVersion = 5.7.1;
			};
		};
		EEC0DF842E1574990046294D /* XCRemoteSwiftPackageReference "RxSwift" */ = {
			isa = XCRemoteSwiftPackageReference;
			repositoryURL = "https://github.com/ReactiveX/RxSwift";
			requirement = {
				kind = upToNextMajorVersion;
				minimumVersion = 6.9.0;
			};
		};
		EEC0DF8C2E1574E00046294D /* XCRemoteSwiftPackageReference "Swinject" */ = {
			isa = XCRemoteSwiftPackageReference;
			repositoryURL = "https://github.com/Swinject/Swinject";
			requirement = {
				kind = upToNextMajorVersion;
				minimumVersion = 2.9.1;
			};
		};
		EEC0DF8F2E1575340046294D /* XCRemoteSwiftPackageReference "Moya" */ = {
			isa = XCRemoteSwiftPackageReference;
			repositoryURL = "https://github.com/Moya/Moya";
			requirement = {
				kind = upToNextMajorVersion;
				minimumVersion = 15.0.3;
			};
		};
		EEC0DF942E15757A0046294D /* XCRemoteSwiftPackageReference "firebase-ios-sdk" */ = {
			isa = XCRemoteSwiftPackageReference;
			repositoryURL = "https://github.com/firebase/firebase-ios-sdk";
			requirement = {
				kind = upToNextMajorVersion;
				minimumVersion = 11.15.0;
			};
		};
		EEC0DF992E1576400046294D /* XCRemoteSwiftPackageReference "kakao-ios-sdk" */ = {
			isa = XCRemoteSwiftPackageReference;
			repositoryURL = "https://github.com/kakao/kakao-ios-sdk";
			requirement = {
				kind = upToNextMajorVersion;
				minimumVersion = 2.24.4;
			};
		};
		EEC0DFA02E15765C0046294D /* XCRemoteSwiftPackageReference "Kingfisher" */ = {
			isa = XCRemoteSwiftPackageReference;
			repositoryURL = "https://github.com/onevcat/Kingfisher";
			requirement = {
				kind = upToNextMajorVersion;
				minimumVersion = 8.3.3;
			};
		};
/* End XCRemoteSwiftPackageReference section */

/* Begin XCSwiftPackageProductDependency section */
		CCB6E0B22E2A3FCF00F7AD7F /* Then */ = {
			isa = XCSwiftPackageProductDependency;
			package = CCB6E0B12E2A3FCF00F7AD7F /* XCRemoteSwiftPackageReference "Then" */;
			productName = Then;
		};
		EEC0DF822E15746B0046294D /* SnapKit */ = {
			isa = XCSwiftPackageProductDependency;
			package = EEC0DF812E15746B0046294D /* XCRemoteSwiftPackageReference "SnapKit" */;
			productName = SnapKit;
		};
		EEC0DF852E1574990046294D /* RxCocoa */ = {
			isa = XCSwiftPackageProductDependency;
			package = EEC0DF842E1574990046294D /* XCRemoteSwiftPackageReference "RxSwift" */;
			productName = RxCocoa;
		};
		EEC0DF872E1574990046294D /* RxSwift */ = {
			isa = XCSwiftPackageProductDependency;
			package = EEC0DF842E1574990046294D /* XCRemoteSwiftPackageReference "RxSwift" */;
			productName = RxSwift;
		};
		EEC0DF8D2E1574E00046294D /* Swinject */ = {
			isa = XCSwiftPackageProductDependency;
			package = EEC0DF8C2E1574E00046294D /* XCRemoteSwiftPackageReference "Swinject" */;
			productName = Swinject;
		};
		EEC0DF902E1575340046294D /* Moya */ = {
			isa = XCSwiftPackageProductDependency;
			package = EEC0DF8F2E1575340046294D /* XCRemoteSwiftPackageReference "Moya" */;
			productName = Moya;
		};
		EEC0DF922E1575340046294D /* RxMoya */ = {
			isa = XCSwiftPackageProductDependency;
			package = EEC0DF8F2E1575340046294D /* XCRemoteSwiftPackageReference "Moya" */;
			productName = RxMoya;
		};
		EEC0DF952E15757A0046294D /* FirebaseAnalytics */ = {
			isa = XCSwiftPackageProductDependency;
			package = EEC0DF942E15757A0046294D /* XCRemoteSwiftPackageReference "firebase-ios-sdk" */;
			productName = FirebaseAnalytics;
		};
		EEC0DF972E15757A0046294D /* FirebaseAuth */ = {
			isa = XCSwiftPackageProductDependency;
			package = EEC0DF942E15757A0046294D /* XCRemoteSwiftPackageReference "firebase-ios-sdk" */;
			productName = FirebaseAuth;
		};
		EEC0DF9A2E1576400046294D /* KakaoSDK */ = {
			isa = XCSwiftPackageProductDependency;
			package = EEC0DF992E1576400046294D /* XCRemoteSwiftPackageReference "kakao-ios-sdk" */;
			productName = KakaoSDK;
		};
		EEC0DF9C2E1576400046294D /* KakaoSDKAuth */ = {
			isa = XCSwiftPackageProductDependency;
			package = EEC0DF992E1576400046294D /* XCRemoteSwiftPackageReference "kakao-ios-sdk" */;
			productName = KakaoSDKAuth;
		};
		EEC0DF9E2E1576400046294D /* KakaoSDKCommon */ = {
			isa = XCSwiftPackageProductDependency;
			package = EEC0DF992E1576400046294D /* XCRemoteSwiftPackageReference "kakao-ios-sdk" */;
			productName = KakaoSDKCommon;
		};
		EEC0DFA12E15765C0046294D /* Kingfisher */ = {
			isa = XCSwiftPackageProductDependency;
			package = EEC0DFA02E15765C0046294D /* XCRemoteSwiftPackageReference "Kingfisher" */;
			productName = Kingfisher;
		};
/* End XCSwiftPackageProductDependency section */
	};
	rootObject = CCA9B0B62E156BED00198326 /* Project object */;
}
